lockfileVersion: '9.0'

settings:
  autoInstallPeers: true
  excludeLinksFromLockfile: false

importers:

  .:
    devDependencies:
      '@docmd/core':
        specifier: ^0.8.6
        version: 0.8.6

packages:

  '@docmd/api@0.8.6':
    resolution: {integrity: sha512-zlxndb/oZ7jVk36X7iKkF/Xyf26BXQqJdeBwMYrppqPHpamQ4tjGR//k1i9g+8JteFhYL92eWcQ8coXWAsDW8Q==}

  '@docmd/core@0.8.6':
    resolution: {integrity: sha512-4dM/C6H7o7BwK46kJ+Rh9KsfCGZbNKR32m3t1GzPQxu4zldShOk7EVNfVLkElpfwPH4vvThT5kpyeA2+Wi56xA==}
    hasBin: true

  '@docmd/deployer@0.8.6':
    resolution: {integrity: sha512-wf1iwrwxKNCr1/e8mZ46rtfcsyMeku84HPb9c9h2CPpyJvlmjAdC+3VgEuAH73UyUyJ11fXMgpT5m6faUwVpLQ==}

  '@docmd/engine-js@0.8.6':
    resolution: {integrity: sha512-FOcHxseb24ZiNGMAzM6DK9dfcLIeK34UD6ZfQE4Rt9yxKvDB0J2ppi/sK6ljIFQnAQtGrDBM2+RZ50Rpux5vWg==}

  '@docmd/engine-rust@0.8.6':
    resolution: {integrity: sha512-e+bOEC3jtMgPGCOeDLLkCEtKp7ow3m5MCuIAJPOA02EV3NtLK5tU5Tw/27CYwFGS6mRjqHzIRhe/k4WLTjMYWA==}

  '@docmd/live@0.8.6':
    resolution: {integrity: sha512-o1d5yPLKo2c9uRiiXodkSjpWHg6hiNiLhcxAUb4g/pDkUJINx5wwEMCaiFSwbRx72ORDBiUdcIyLs89qQRAvrQ==}
    hasBin: true

  '@docmd/parser@0.8.6':
    resolution: {integrity: sha512-TE1xROL0cD/KxtxQtXQWbvGGQRUp6dfb2qxkvHxIs54IKiuPevWIozkxz3dpgLXpzP8uu+e/A5BeSxqpasdF1Q==}

  '@docmd/plugin-analytics@0.8.6':
    resolution: {integrity: sha512-WWpxSs8y/Wk4VxE6L8NxN4GYANiPVmWkyODscw7HvBapT+NEIJb2RPzspHA8AFRfuQltQ7B7uDV3VyCynDMk0Q==}

  '@docmd/plugin-git@0.8.6':
    resolution: {integrity: sha512-uKI+bJxxkjpFc+HycesczH1LuUnhdd1z6H+FMjDHgzNvDxkZvW2ymzz55fQNgKfj/f7HFh9jGQlCg8/xAd2uCA==}
    peerDependencies:
      '@docmd/api': ^0.8.6

  '@docmd/plugin-installer@0.8.6':
    resolution: {integrity: sha512-OmZHaUmavFS99EVUSL7INP+855E6/bdiB2WHi79qfNdlaK0jnxWBTaEA61CF4j7XhUjuEkmkFbLeB2ddwspCcg==}

  '@docmd/plugin-llms@0.8.6':
    resolution: {integrity: sha512-pRxizYSaf7+iZ2aIkJPlpfMXeVRO9tL2nPdBN7Fclfqdi+azw1Wg74eohWD1dd6N+UlyGPSgEQFRDeVN3xO7yg==}

  '@docmd/plugin-math@0.8.6':
    resolution: {integrity: sha512-EsR6fns/sHdckNta22nHJFMSGujtAIkdu+M291wNYbBZwLLE72PU19V7IRYx4Mfy10AsA8gwR79intyLxmiIgw==}

  '@docmd/plugin-mermaid@0.8.6':
    resolution: {integrity: sha512-bAAaM93kQua2JliGrGGp7NaFOl0uN3qH0LbAz6i1GRcNEhjqCJ16S0Twwu7CgOmnT5+8NMxhSAxEp5FQ/IEEgQ==}

  '@docmd/plugin-openapi@0.8.6':
    resolution: {integrity: sha512-AOKt+e5CrCXIXnOEijoEmz+lU3pVt5Oea+zXLzRRO5TtJsc1kFxionWfOvDdimzvBk1hQiw9lM7cmKVm+KBPMw==}
    peerDependencies:
      '@docmd/api': ^0.8.6

  '@docmd/plugin-pwa@0.8.6':
    resolution: {integrity: sha512-aY4WbtS9mSu1grJWNjteRK7k4JtBTKdSORqloD4O/EOAydITO10/d81XLugnmZ2SnUjFVDVCL2RlohOXlJTyig==}

  '@docmd/plugin-search@0.8.6':
    resolution: {integrity: sha512-IXkLhEI2ZkZ2bqNC39Ce7IS75OzzGnHOw1OQYX7G+hRbavEVKQAZSn6ZWqFfd1mG90G+UpMtmbTy5cDvsP183w==}
    peerDependencies:
      docmd-search: '>=0.1.0-alpha.1'
    peerDependenciesMeta:
      docmd-search:
        optional: true

  '@docmd/plugin-seo@0.8.6':
    resolution: {integrity: sha512-xaEMoViOEKiBfNS9BSEJRQqV8ubEJklKzeLJMNwPXCcZestie/x7MfJpRDDWv2sBw/DInoBIyecW5vb7mssCnw==}

  '@docmd/plugin-sitemap@0.8.6':
    resolution: {integrity: sha512-AkuB0l6gE7VvN4xOWDQAopzoLFJ8bvEhZGtlE4ReUmVIolefgJFhSQGo7WRYe2HKgvgxznKOn/aRvTSWbelEGw==}

  '@docmd/themes@0.8.6':
    resolution: {integrity: sha512-Z54DiZNy4R6GHxktxNLHOA+STsT7QNz7QaUhx4BjBpon44sXGlCsB/0mYDSTKocN1wthlTQqHjf3njEI/ZFmUA==}

  '@docmd/tui@0.8.6':
    resolution: {integrity: sha512-51LWkbmjcHttxcMCLXtSUWLIMbpLrDCF4P26aZ1MVuhVS3Oaj+ZiEfYRznlUIYWXRwN47e+97qV3EYw4CsQV8w==}

  '@docmd/ui@0.8.6':
    resolution: {integrity: sha512-VmfRF4qWS7vGGwBtyLZndOJwFMgavtNsGqk79XNHSndG+L3Xh/wI3vTPx2LGNV/bpc1rXSSqfJ/QMuGavHyxeg==}

  '@docmd/utils@0.8.6':
    resolution: {integrity: sha512-xboo7cbnzhRlBRiCDiiBXUy/2tEGzEKE7Qgf0x1GcPwoEjhHztd3+s5T0qUnX1nDe8NRru4S8p9hFZIZHHXhBQ==}

  '@esbuild/aix-ppc64@0.28.1':
    resolution: {integrity: sha512-Svl7tq8k/08+p6CXPpRjQ1fKX+1odH/BQbb48fV6fj3CWHhsoIOoY87w1oHXm0qEpkIK3ZfVgp0hed3XBXzXMQ==}
    engines: {node: '>=18'}
    cpu: [ppc64]
    os: [aix]

  '@esbuild/android-arm64@0.28.1':
    resolution: {integrity: sha512-34EGEbCIAgosYz6goLcopX6Mo7NyGv9tfwEM2/7Ce2VcVRk568iSvniGWcUXIy7wEDR1wzolcxcriFVrWYcwBg==}
    engines: {node: '>=18'}
    cpu: [arm64]
    os: [android]

  '@esbuild/android-arm@0.28.1':
    resolution: {integrity: sha512-0k2F129Xdio1TdJfzJ8sy1Q47vUD2NnwdhiAf7drUN1EBTfPf4hsFCtmMgu/6m8JSzsBrlmVjudMBQqOfG8usQ==}
    engines: {node: '>=18'}
    cpu: [arm]
    os: [android]

  '@esbuild/android-x64@0.28.1':
    resolution: {integrity: sha512-dbwY7ltSMDWsRatcRpCnES4F+im88OCUgGZjy52shC7GqHRE/cYlxNbB4Z4UpJswpcc4Qxd2oE/ufM0p61IKng==}
    engines: {node: '>=18'}
    cpu: [x64]
    os: [android]

  '@esbuild/darwin-arm64@0.28.1':
    resolution: {integrity: sha512-TZbWkQY7kvTAXbXUT7uVACR5cMHsDiSz9z7ZKAX/RTq/WJEk3QyRr0wZpNhBDX+/0CtdqUIJlOiodQcta6tY3Q==}
    engines: {node: '>=18'}
    cpu: [arm64]
    os: [darwin]

  '@esbuild/darwin-x64@0.28.1':
    resolution: {integrity: sha512-zfdzgK9ACBNZLI/CyHTOx81SyNbM6YXn7rxSgX97VjyiPl9W1i4Ka4fgKECEoFCKGpvBj5qArWIGgQjOwkgskQ==}
    engines: {node: '>=18'}
    cpu: [x64]
    os: [darwin]

  '@esbuild/freebsd-arm64@0.28.1':
    resolution: {integrity: sha512-wG2EA8ENdEI0qhkSZMjfqrdY+ziCYCPMmtZjjIwOmXFjmyzEHn+UUxk5of+SYsjtfs3VpnlC7QLzSI5hY/rOAw==}
    engines: {node: '>=18'}
    cpu: [arm64]
    os: [freebsd]

  '@esbuild/freebsd-x64@0.28.1':
    resolution: {integrity: sha512-i7dZ9vQgnvSCzi/rYCXNgtF/U+eKZNJBzu3eTQbRgHnM7tNSizLOkRFAl3qzVc/Op/u5YkHHa4pf/3DOYHthLQ==}
    engines: {node: '>=18'}
    cpu: [x64]
    os: [freebsd]

  '@esbuild/linux-arm64@0.28.1':
    resolution: {integrity: sha512-yHs+0uc8+nvEAfAfxrWQKK5peSNzBc4PegcMO0EJ2hT71uA7vB8Ihg2e77R2P7SG5uYjPbHlLLmve4LLLRCf0g==}
    engines: {node: '>=18'}
    cpu: [arm64]
    os: [linux]

  '@esbuild/linux-arm@0.28.1':
    resolution: {integrity: sha512-qVXBOHQS+d5Y722GwJzJUtOLlX7km3CraOaGormF1pDtPd2C/l1SHRPgjLunLGe51Sh5YYWKMFDyV4SxgMQYTQ==}
    engines: {node: '>=18'}
    cpu: [arm]
    os: [linux]

  '@esbuild/linux-ia32@0.28.1':
    resolution: {integrity: sha512-d1z4ZuP0ajrfz/FhGT4vv278rX8KnPPJx8i5+AtK7TYbx9Le9F1hyzurZpkEyjkGa9dUGhQow4C1NmeGvqxN2w==}
    engines: {node: '>=18'}
    cpu: [ia32]
    os: [linux]

  '@esbuild/linux-loong64@0.28.1':
    resolution: {integrity: sha512-M5sRjUVZrkm1OAPR3dlOYzNmN+loZKGVi1VUQGrwuqLcbR6qeAz+famMhjASeH3YVKvZz+zT1jlh/keC3Rj/lg==}
    engines: {node: '>=18'}
    cpu: [loong64]
    os: [linux]

  '@esbuild/linux-mips64el@0.28.1':
    resolution: {integrity: sha512-mRObBZeHh2OxcBFPWE/FjylkRgZdYuiTR3vaTozquCGOH14iP9oN4x4Ge81CoIDYQrXmIxpFumJBu5MtZpnQJQ==}
    engines: {node: '>=18'}
    cpu: [mips64el]
    os: [linux]

  '@esbuild/linux-ppc64@0.28.1':
    resolution: {integrity: sha512-slScBsMAb3GFDcdrCgLwZtPYRoH2H/youv10QiZyRjmsP48fznoveWytSgCI/R0ZcUgpc0ZhIUEx6LHts8yrfQ==}
    engines: {node: '>=18'}
    cpu: [ppc64]
    os: [linux]

  '@esbuild/linux-riscv64@0.28.1':
    resolution: {integrity: sha512-kw0owk1o0GFETUJyW0jc0G4Yzs0BHZn0JDZ8JRT088vjJYX777BAs1fDGxAC+q831qOs2DTC96mNsG2opdfyyQ==}
    engines: {node: '>=18'}
    cpu: [riscv64]
    os: [linux]

  '@esbuild/linux-s390x@0.28.1':
    resolution: {integrity: sha512-/lAIjX8aYFRByhh6L5rYtPEDRqa9de/4V/juOXcta5frjvzXO4/sqEtyytse0g3zZFuWu5cDN0MkLz2qRDD2Ag==}
    engines: {node: '>=18'}
    cpu: [s390x]
    os: [linux]

  '@esbuild/linux-x64@0.28.1':
    resolution: {integrity: sha512-u/anNYF2mmVOEDwLtnQ1wOr3EZ9sTNGLWrsYGYwHWzGA3Si84IOkHXlbWTD1NB+9/1lcnweYKO54uhxZydNzfA==}
    engines: {node: '>=18'}
    cpu: [x64]
    os: [linux]

  '@esbuild/netbsd-arm64@0.28.1':
    resolution: {integrity: sha512-oks0DYbLwWMmaakTsCb+zL4E+aHRVLom9IJZOAthMQEPiQmydXHkziYEsGYRx0uNV/IjEKGAV941JzH02pflqw==}
    engines: {node: '>=18'}
    cpu: [arm64]
    os: [netbsd]

  '@esbuild/netbsd-x64@0.28.1':
    resolution: {integrity: sha512-aeL6lAnN89Hz43Mlh1G8ARasbuoYvSITDEx0tHh5b7jJnHcssqgjy9Yx430GDpmCa6OyrKoS0aNRjKundRizGg==}
    engines: {node: '>=18'}
    cpu: [x64]
    os: [netbsd]

  '@esbuild/openbsd-arm64@0.28.1':
    resolution: {integrity: sha512-MEFJe5C3R8pwXdZ5Y21oo6m7ePiS0d9pWucn99O/wvyJZChoIQKrQDxKrGeW8F5+T0okTHesAmDeiHDTIq0V/Q==}
    engines: {node: '>=18'}
    cpu: [arm64]
    os: [openbsd]

  '@esbuild/openbsd-x64@0.28.1':
    resolution: {integrity: sha512-i/ZLIOafE0Z8cI/XANJAixoJL/uRAoS2xOA3rb0xN+KK0K177cMAsQYkzHtBrtMXAKuAc7HGgcWiZ/sRC1Nxgw==}
    engines: {node: '>=18'}
    cpu: [x64]
    os: [openbsd]

  '@esbuild/openharmony-arm64@0.28.1':
    resolution: {integrity: sha512-ge+Z7EXFNt2BO1oAMsVpiQ8EwndV9i1xXerAeTIK7AtPs3bKFXQM7nlRxDSIUIMeueR1CNXxqztLzdNeReKBJg==}
    engines: {node: '>=18'}
    cpu: [arm64]
    os: [openharmony]

  '@esbuild/sunos-x64@0.28.1':
    resolution: {integrity: sha512-BEjgtECkL3vY+SaSQ6nzVfiALUeFxpawyp8Jmf5PtYhf1Ug40N1h/hxlhts+f1FvSvarEigdxS3BlSMI2PJLcQ==}
    engines: {node: '>=18'}
    cpu: [x64]
    os: [sunos]

  '@esbuild/win32-arm64@0.28.1':
    resolution: {integrity: sha512-lCv9eK/H6ZJWbE7bh2nw54CZ9M2nupBxJcTsdk/QQnWkdSjKGuxmmH8/GWrlT1eMmZfn4dGcCjRte397WqfQXA==}
    engines: {node: '>=18'}
    cpu: [arm64]
    os: [win32]

  '@esbuild/win32-ia32@0.28.1':
    resolution: {integrity: sha512-zvb/mB2bSCoJOpoCBgYKKpX6YM6mJBlBUVUtVj41DlZJVEB6/0CKlRYxP5wWl1C1ILiCoAU5wZZ4q1P3qeS6Eg==}
    engines: {node: '>=18'}
    cpu: [ia32]
    os: [win32]

  '@esbuild/win32-x64@0.28.1':
    resolution: {integrity: sha512-bm4Mowrv+GXMlpWX++EcXw/iLyd1o3+bJkC2DkWXYVvgZCqD/bSj9ctZeAMC3cIxgjRVR2Dufaiu4YPxr5gW1A==}
    engines: {node: '>=18'}
    cpu: [x64]
    os: [win32]

  ansi-styles@4.3.0:
    resolution: {integrity: sha512-zbB9rCJAT1rbjiVDb2hqKFHNYLxgtk8NURxZ3IZwD3F6NtxbXZQCnnSi1Lkx+IDohdPlFp222wVALIheZJQSEg==}
    engines: {node: '>=8'}

  argparse@2.0.1:
    resolution: {integrity: sha512-8+9WqebbFzpX9OR+Wa6O29asIogeRMzcGtAINdpMHHyAg10f05aSFVBbcEqGf/PXw1EjAZ+q2/bEBg3DvurK3Q==}

  base64-js@1.5.1:
    resolution: {integrity: sha512-AKpaYlHn8t4SVbOHCy+b5+KKgvR4vrsD8vbvrbiQJps7fKDTkjkDry6ji0rUJjC0kzbNePLwzxq8iypo41qeWA==}

  buffer@6.0.3:
    resolution: {integrity: sha512-FTiCpNxtwiZZHEZbcbTIcZjERVICn9yq/pDFkTl95/AxzD1naBctN7YO68riM/gLSDY7sdrMby8hofADYuuqOA==}

  chalk@4.1.2:
    resolution: {integrity: sha512-oKnbhFyRIXpUuez8iBMmyEa4nbj4IOQyuhc/wy9kY7/WVPcwIO9VA668Pu8RkO7+0G76SLROeyw9CpQ061i4mA==}
    engines: {node: '>=10'}

  color-convert@2.0.1:
    resolution: {integrity: sha512-RRECPsj7iu/xb5oKYcsFHSppFNnsj/52OVTRKb4zP5onXwVF3zVmmToNcOfGC+CRDpfK/U584fMg38ZHCaElKQ==}
    engines: {node: '>=7.0.0'}

  color-name@1.1.4:
    resolution: {integrity: sha512-dOy+3AuW3a2wNbZHIuMZpTcgjGuLU/uBL/ubcZF9OXbDo8ff4O8yVp5Bf0efS8uEoYo5q4Fx7dY9OgQGXgAsQA==}

  commander@8.3.0:
    resolution: {integrity: sha512-OkTL9umf+He2DZkUq8f8J9of7yL6RJKI24dVITBmNfZBmri9zYZQrKkuXiKhyfPSu8tUhnVBB1iKXevvnlR4Ww==}
    engines: {node: '>= 12'}

  embed-lite@0.1.4:
    resolution: {integrity: sha512-jHeFclp6iQGHeb0DUBh0a7eGQb1bfhDBzDfSx/nr8c5kdx0PW7EfWXzY5Ry8/AGbbVfxhewOSqwFJZLp18wdhw==}

  entities@4.5.0:
    resolution: {integrity: sha512-V0hjH4dGPh9Ao5p0MoRY6BVqtwCjhz6vI5LT8AJ55H+4g9/4vbHx1I54fS0XuclLhDHArPQCiMjDxjaL8fPxhw==}
    engines: {node: '>=0.12'}

  esbuild@0.28.1:
    resolution: {integrity: sha512-HrJrvZv5ayxBzPfwphOoNzkzOIIlifzk0KJrGK2c8R4+LKpMtpYLQeUdjnwjWv/LZlkH2laZk+4w78pi99D4Vw==}
    engines: {node: '>=18'}
    hasBin: true

  has-flag@4.0.0:
    resolution: {integrity: sha512-EykJT/Q1KjTWctppgIAgfSO0tKVuZUjhgMr17kqTumMl6Afv3EISleU7qZUzoXDFTAHTDC4NOoG/ZxU3EvlMPQ==}
    engines: {node: '>=8'}

  ieee754@1.2.1:
    resolution: {integrity: sha512-dcyqhDvX1C46lXZcVqCpK+FtMRQVdIMN6/Df5js2zouUsqG7I6sFxitIC+7KYK29KdXOLHdu9zL4sFnoVQnqaA==}

  katex@0.17.0:
    resolution: {integrity: sha512-Vdw0ATsQ9V+LuegM/BTwQqV/6cTl5lbGcIrU+BCgLxyf6bo38ybOr372tuSIxir3CN720flu1meYR6XzNMwQnw==}
    hasBin: true

  linkify-it@5.0.1:
    resolution: {integrity: sha512-wVoTjP4Q6R0NW5hiZkVJaFZPWgtXfoGF+6LucL3/FtiNjmcHhYjEr5f1Kqjirc1nBW07J/ZuRFumqr2oqccEWg==}

  lite-hl@0.1.2:
    resolution: {integrity: sha512-vfWGhEyMY7Cz4CiuOzb/NT2SdHSwqGzVqRd3zecA94vsg9bjHqFqNUzYbws0VaJQW6oVXoyKWw+dzCZB+FwVHA==}

  lite-matter@0.1.1:
    resolution: {integrity: sha512-3XlkLxQ3LtqtVsx1jGZMqFWKmRgH5J7/gbeU3WM1LjhV3XY+OjlNt0aEnf5De6qfxm/Qllv3vvzlLow0Dh6BoQ==}

  lite-template@0.1.2:
    resolution: {integrity: sha512-zWxWPs7QDGlHKOqgrSjYoq+zwQuvu+CUO6WkCRfnmme9pa8c0Mfv2huhoDfmbY7hUN5YTcuahD4SwI6/lww6jw==}

  lucide-static@0.577.0:
    resolution: {integrity: sha512-hx39J5Tq4JWF2ALY+5YRg+SxQLpeAmLJDXNcqiBJH/UuVwp43it9fyki/onZO7AVFgG5ZbB+fWwZR9mwGHE2XQ==}

  markdown-it-abbr@1.0.4:
    resolution: {integrity: sha512-ZeA4Z4SaBbYysZap5iZcxKmlPL6bYA8grqhzJIHB1ikn7njnzaP8uwbtuXc4YXD5LicI4/2Xmc0VwmSiFV04gg==}

  markdown-it-attrs@4.5.0:
    resolution: {integrity: sha512-dsuEyK/MDAYsdZLDIaDAQXz5+gP0AAbJ4ZjOSB0w+ZGe4lLbzyCgGg0LApC6j9zUK2F+2SA9VkzXfyNG9hL/8g==}
    engines: {node: '>=6'}
    peerDependencies:
      markdown-it: '>= 9.0.0'

  markdown-it-deflist@2.1.0:
    resolution: {integrity: sha512-3OuqoRUlSxJiuQYu0cWTLHNhhq2xtoSFqsZK8plANg91+RJQU1ziQ6lA2LzmFAEes18uPBsHZpcX6We5l76Nzg==}

  markdown-it-emoji@2.0.2:
    resolution: {integrity: sha512-zLftSaNrKuYl0kR5zm4gxXjHaOI3FAOEaloKmRA5hijmJZvSjmxcokOLlzycb/HXlUFWzXqpIEoyEMCE4i9MvQ==}

  markdown-it-footnote@3.0.3:
    resolution: {integrity: sha512-YZMSuCGVZAjzKMn+xqIco9d1cLGxbELHZ9do/TSYVzraooV8ypsppKNmUJ0fVH5ljkCInQAtFpm8Rb3eXSrt5w==}

  markdown-it-task-lists@2.1.1:
    resolution: {integrity: sha512-TxFAc76Jnhb2OUu+n3yz9RMu4CwGfaT788br6HhEDlvWfdeJcLUsxk1Hgw2yJio0OXsxv7pyIPmvECY7bMbluA==}

  markdown-it-texmath@1.0.0:
    resolution: {integrity: sha512-4hhkiX8/gus+6e53PLCUmUrsa6ZWGgJW2XCW6O0ASvZUiezIK900ZicinTDtG3kAO2kon7oUA/ReWmpW2FByxg==}

  markdown-it@14.2.0:
    resolution: {integrity: sha512-1TGiQiJVRQ3NPmZH6sx5Cfnmg6GQm9jvC1ch4TK511NjSJvjzKLzn5pPfZRNZkRPZP0HqCioSndqH8v2nRaWVQ==}
    hasBin: true

  mdurl@2.0.0:
    resolution: {integrity: sha512-Lf+9+2r+Tdp5wXDXC4PcIBjTDtq4UKjCPMQhKIuzpJNW0b96kVqSwW0bT7FhRSfmAiFYgP+SCRvdrDozfh0U5w==}

  minisearch@7.2.0:
    resolution: {integrity: sha512-dqT2XBYUOZOiC5t2HRnwADjhNS2cecp9u+TJRiJ1Qp/f5qjkeT5APcGPjHw+bz89Ms8Jp+cG4AlE+QZ/QnDglg==}

  punycode.js@2.3.1:
    resolution: {integrity: sha512-uxFIHU0YlHYhDQtV4R9J6a52SLx28BCjT+4ieh7IGbgwVJWO+km431c4yRlREUAsAmt/uMjQUyQHNEPf0M39CA==}
    engines: {node: '>=6'}

  supports-color@7.2.0:
    resolution: {integrity: sha512-qpCAvRl9stuOHveKsn7HncJRvv501qIacKzQlO/+Lwxc9+0q2wLyv4Dfvt80/DPn2pqOBsJdDiogXGR9+OvwRw==}
    engines: {node: '>=8'}

  uc.micro@2.1.0:
    resolution: {integrity: sha512-ARDJmphmdvUk6Glw7y9DQ2bFkKBHwQHLi2lsaH6PPmz/Ka9sFOBsBluozhDltWmnv9u/cF6Rt87znRTPV+yp/A==}

  ws@8.21.0:
    resolution: {integrity: sha512-Vsp28b7DRcimFQvrqu2Wek3z1iYxDCWqHYB8Qsnk/S4RfaCQzPGPyBNuVjJV3cd6UiKtUtp6sNM77gWvzcCH+g==}
    engines: {node: '>=10.0.0'}
    peerDependencies:
      bufferutil: ^4.0.1
      utf-8-validate: '>=5.0.2'
    peerDependenciesMeta:
      bufferutil:
        optional: true
      utf-8-validate:
        optional: true

  yaml@2.9.0:
    resolution: {integrity: sha512-2AvhNX3mb8zd6Zy7INTtSpl1F15HW6Wnqj0srWlkKLcpYl/gMIMJiyuGq2KeI2YFxUPjdlB+3Lc10seMLtL4cA==}
    engines: {node: '>= 14.6'}
    hasBin: true

snapshots:

  '@docmd/api@0.8.6':
    dependencies:
      '@docmd/parser': 0.8.6
      '@docmd/tui': 0.8.6
    optionalDependencies:
      '@docmd/engine-js': 0.8.6
      '@docmd/engine-rust': 0.8.6

  '@docmd/core@0.8.6':
    dependencies:
      '@docmd/api': 0.8.6
      '@docmd/deployer': 0.8.6
      '@docmd/live': 0.8.6
      '@docmd/parser': 0.8.6
      '@docmd/plugin-analytics': 0.8.6
      '@docmd/plugin-git': 0.8.6(@docmd/api@0.8.6)
      '@docmd/plugin-installer': 0.8.6
      '@docmd/plugin-llms': 0.8.6
      '@docmd/plugin-mermaid': 0.8.6
      '@docmd/plugin-openapi': 0.8.6(@docmd/api@0.8.6)
      '@docmd/plugin-pwa': 0.8.6
      '@docmd/plugin-search': 0.8.6
      '@docmd/plugin-seo': 0.8.6
      '@docmd/plugin-sitemap': 0.8.6
      '@docmd/themes': 0.8.6
      '@docmd/tui': 0.8.6
      '@docmd/ui': 0.8.6
      '@docmd/utils': 0.8.6
      esbuild: 0.28.1
      ws: 8.21.0
    transitivePeerDependencies:
      - bufferutil
      - docmd-search
      - utf-8-validate

  '@docmd/deployer@0.8.6':
    dependencies:
      '@docmd/api': 0.8.6

  '@docmd/engine-js@0.8.6':
    optional: true

  '@docmd/engine-rust@0.8.6':
    optional: true

  '@docmd/live@0.8.6':
    dependencies:
      '@docmd/parser': 0.8.6
      '@docmd/plugin-math': 0.8.6
      '@docmd/plugin-mermaid': 0.8.6
      '@docmd/themes': 0.8.6
      '@docmd/tui': 0.8.6
      '@docmd/ui': 0.8.6
      buffer: 6.0.3
      esbuild: 0.28.1
      katex: 0.17.0
      markdown-it-texmath: 1.0.0

  '@docmd/parser@0.8.6':
    dependencies:
      '@docmd/tui': 0.8.6
      embed-lite: 0.1.4
      lite-hl: 0.1.2
      lite-matter: 0.1.1
      lite-template: 0.1.2
      lucide-static: 0.577.0
      markdown-it: 14.2.0
      markdown-it-abbr: 1.0.4
      markdown-it-attrs: 4.5.0(markdown-it@14.2.0)
      markdown-it-deflist: 2.1.0
      markdown-it-emoji: 2.0.2
      markdown-it-footnote: 3.0.3
      markdown-it-task-lists: 2.1.1

  '@docmd/plugin-analytics@0.8.6': {}

  '@docmd/plugin-git@0.8.6(@docmd/api@0.8.6)':
    dependencies:
      '@docmd/api': 0.8.6

  '@docmd/plugin-installer@0.8.6':
    dependencies:
      '@docmd/api': 0.8.6

  '@docmd/plugin-llms@0.8.6': {}

  '@docmd/plugin-math@0.8.6':
    dependencies:
      katex: 0.17.0
      markdown-it-texmath: 1.0.0

  '@docmd/plugin-mermaid@0.8.6': {}

  '@docmd/plugin-openapi@0.8.6(@docmd/api@0.8.6)':
    dependencies:
      '@docmd/api': 0.8.6

  '@docmd/plugin-pwa@0.8.6': {}

  '@docmd/plugin-search@0.8.6':
    dependencies:
      minisearch: 7.2.0

  '@docmd/plugin-seo@0.8.6': {}

  '@docmd/plugin-sitemap@0.8.6': {}

  '@docmd/themes@0.8.6': {}

  '@docmd/tui@0.8.6':
    dependencies:
      chalk: 4.1.2

  '@docmd/ui@0.8.6': {}

  '@docmd/utils@0.8.6': {}

  '@esbuild/aix-ppc64@0.28.1':
    optional: true

  '@esbuild/android-arm64@0.28.1':
    optional: true

  '@esbuild/android-arm@0.28.1':
    optional: true

  '@esbuild/android-x64@0.28.1':
    optional: true

  '@esbuild/darwin-arm64@0.28.1':
    optional: true

  '@esbuild/darwin-x64@0.28.1':
    optional: true

  '@esbuild/freebsd-arm64@0.28.1':
    optional: true

  '@esbuild/freebsd-x64@0.28.1':
    optional: true

  '@esbuild/linux-arm64@0.28.1':
    optional: true

  '@esbuild/linux-arm@0.28.1':
    optional: true

  '@esbuild/linux-ia32@0.28.1':
    optional: true

  '@esbuild/linux-loong64@0.28.1':
    optional: true

  '@esbuild/linux-mips64el@0.28.1':
    optional: true

  '@esbuild/linux-ppc64@0.28.1':
    optional: true

  '@esbuild/linux-riscv64@0.28.1':
    optional: true

  '@esbuild/linux-s390x@0.28.1':
    optional: true

  '@esbuild/linux-x64@0.28.1':
    optional: true

  '@esbuild/netbsd-arm64@0.28.1':
    optional: true

  '@esbuild/netbsd-x64@0.28.1':
    optional: true

  '@esbuild/openbsd-arm64@0.28.1':
    optional: true

  '@esbuild/openbsd-x64@0.28.1':
    optional: true

  '@esbuild/openharmony-arm64@0.28.1':
    optional: true

  '@esbuild/sunos-x64@0.28.1':
    optional: true

  '@esbuild/win32-arm64@0.28.1':
    optional: true

  '@esbuild/win32-ia32@0.28.1':
    optional: true

  '@esbuild/win32-x64@0.28.1':
    optional: true

  ansi-styles@4.3.0:
    dependencies:
      color-convert: 2.0.1

  argparse@2.0.1: {}

  base64-js@1.5.1: {}

  buffer@6.0.3:
    dependencies:
      base64-js: 1.5.1
      ieee754: 1.2.1

  chalk@4.1.2:
    dependencies:
      ansi-styles: 4.3.0
      supports-color: 7.2.0

  color-convert@2.0.1:
    dependencies:
      color-name: 1.1.4

  color-name@1.1.4: {}

  commander@8.3.0: {}

  embed-lite@0.1.4: {}

  entities@4.5.0: {}

  esbuild@0.28.1:
    optionalDependencies:
      '@esbuild/aix-ppc64': 0.28.1
      '@esbuild/android-arm': 0.28.1
      '@esbuild/android-arm64': 0.28.1
      '@esbuild/android-x64': 0.28.1
      '@esbuild/darwin-arm64': 0.28.1
      '@esbuild/darwin-x64': 0.28.1
      '@esbuild/freebsd-arm64': 0.28.1
      '@esbuild/freebsd-x64': 0.28.1
      '@esbuild/linux-arm': 0.28.1
      '@esbuild/linux-arm64': 0.28.1
      '@esbuild/linux-ia32': 0.28.1
      '@esbuild/linux-loong64': 0.28.1
      '@esbuild/linux-mips64el': 0.28.1
      '@esbuild/linux-ppc64': 0.28.1
      '@esbuild/linux-riscv64': 0.28.1
      '@esbuild/linux-s390x': 0.28.1
      '@esbuild/linux-x64': 0.28.1
      '@esbuild/netbsd-arm64': 0.28.1
      '@esbuild/netbsd-x64': 0.28.1
      '@esbuild/openbsd-arm64': 0.28.1
      '@esbuild/openbsd-x64': 0.28.1
      '@esbuild/openharmony-arm64': 0.28.1
      '@esbuild/sunos-x64': 0.28.1
      '@esbuild/win32-arm64': 0.28.1
      '@esbuild/win32-ia32': 0.28.1
      '@esbuild/win32-x64': 0.28.1

  has-flag@4.0.0: {}

  ieee754@1.2.1: {}

  katex@0.17.0:
    dependencies:
      commander: 8.3.0

  linkify-it@5.0.1:
    dependencies:
      uc.micro: 2.1.0

  lite-hl@0.1.2: {}

  lite-matter@0.1.1:
    dependencies:
      yaml: 2.9.0

  lite-template@0.1.2: {}

  lucide-static@0.577.0: {}

  markdown-it-abbr@1.0.4: {}

  markdown-it-attrs@4.5.0(markdown-it@14.2.0):
    dependencies:
      markdown-it: 14.2.0

  markdown-it-deflist@2.1.0: {}

  markdown-it-emoji@2.0.2: {}

  markdown-it-footnote@3.0.3: {}

  markdown-it-task-lists@2.1.1: {}

  markdown-it-texmath@1.0.0: {}

  markdown-it@14.2.0:
    dependencies:
      argparse: 2.0.1
      entities: 4.5.0
      linkify-it: 5.0.1
      mdurl: 2.0.0
      punycode.js: 2.3.1
      uc.micro: 2.1.0

  mdurl@2.0.0: {}

  minisearch@7.2.0: {}

  punycode.js@2.3.1: {}

  supports-color@7.2.0:
    dependencies:
      has-flag: 4.0.0

  uc.micro@2.1.0: {}

  ws@8.21.0: {}

  yaml@2.9.0: {}
